{
    "_readme": [
        "This file locks the dependencies of your project to a known state",
        "Read more about it at https://getcomposer.org/doc/01-basic-usage.md#installing-dependencies",
        "This file is @generated automatically"
    ],
    "content-hash": "68408d6f52b2b4b0ebef83a8ec8b35da",
    "packages": [
        {
            "name": "danieldoyle/happy-utilities",
            "version": "dev-master",
            "source": {
                "type": "git",
                "url": "git@bitbucket.org:tr33dud3/happy-utilities.git",
                "reference": "04bf1fb551ce1d1a6c5712a7d3573e12e4539ec2"
            },
            "type": "library",
            "autoload": {
                "psr-4": {
                    "HappyUtilities\\": "src/"
                }
            },
            "authors": [
                {
                    "name": "Daniel Doyle",
                    "email": "tr33m4n@googlemail.com"
                }
            ],
            "description": "A very happy utility collection",
            "time": "2018-01-15T22:43:19+00:00"
        }
    ],
    "packages-dev": [],
    "aliases": [],
    "minimum-stability": "dev",
    "stability-flags": {
        "danieldoyle/happy-utilities": 20
    },
    "prefer-stable": false,
    "prefer-lowest": false,
    "platform": [],
    "platform-dev": []
}
