{
    "_readme": [
        "This file locks the dependencies of your project to a known state",
        "Read more about it at https://getcomposer.org/doc/01-basic-usage.md#composer-lock-the-lock-file",
        "This file is @generated automatically"
    ],
    "content-hash": "68408d6f52b2b4b0ebef83a8ec8b35da",
    "packages": [
        {
            "name": "danieldoyle/happy-utilities",
            "version": "dev-master",
            "source": {
                "type": "git",
                "url": "https://tr33dud3@bitbucket.org/tr33dud3/happy-utilities.git",
                "reference": "793f46dbd794b9fc3863a90346f8506a9015d958"
            },
            "type": "library",
            "autoload": {
                "psr-4": {
                    "HappyUtilities\\": "src/"
                }
            },
            "authors": [
                {
                    "name": "Daniel Doyle",
                    "email": "tr33m4n@googlemail.com"
                }
            ],
            "description": "A very happy utility collection",
            "time": "2018-01-14T13:20:52+00:00"
        }
    ],
    "packages-dev": [],
    "aliases": [],
    "minimum-stability": "dev",
    "stability-flags": {
        "danieldoyle/happy-utilities": 20
    },
    "prefer-stable": false,
    "prefer-lowest": false,
    "platform": [],
    "platform-dev": []
}
